
Microsoft Visual Studio Solution File, Format Version 12.00
# Visual Studio Version 17
VisualStudioVersion = 17.0.31903.59
MinimumVisualStudioVersion = 10.0.40219.1
Project("{2150E333-8FDC-42A3-9474-1A3956D46DE8}") = "src", "src", "{827E0CD3-B72D-47B6-A68D-7590B98EB39B}"
EndProject
Project("{FAE04EC0-301F-11D3-BF4B-00C04F79EFBC}") = "ERP.Core.Domain", "src\ERP.Core.Domain\ERP.Core.Domain.csproj", "{E4740D8D-36CA-4440-BF09-06AEF0DCC0E2}"
EndProject
Project("{FAE04EC0-301F-11D3-BF4B-00C04F79EFBC}") = "ERP.Core.Application", "src\ERP.Core.Application\ERP.Core.Application.csproj", "{26007B12-885C-4FF4-AC0E-76BCC8A1FEA0}"
EndProject
Project("{FAE04EC0-301F-11D3-BF4B-00C04F79EFBC}") = "ERP.Core.Infrastructure", "src\ERP.Core.Infrastructure\ERP.Core.Infrastructure.csproj", "{9CB672E6-D4C3-4AC4-ACAB-020269373AB0}"
EndProject
Project("{FAE04EC0-301F-11D3-BF4B-00C04F79EFBC}") = "ERP.Core.Database.Domain", "src\ERP.Core.Database.Domain\ERP.Core.Database.Domain.csproj", "{14D7D4A8-DCCD-45C0-8B7E-C97A18E6D598}"
EndProject
Project("{FAE04EC0-301F-11D3-BF4B-00C04F79EFBC}") = "ERP.Core.Database.Infrastructure", "src\ERP.Core.Database.Infrastructure\ERP.Core.Database.Infrastructure.csproj", "{38DAFB62-363E-41D6-83AD-D2B465B032CF}"
EndProject
Project("{FAE04EC0-301F-11D3-BF4B-00C04F79EFBC}") = "ERP.Core.Database.Application", "src\ERP.Core.Database.Application\ERP.Core.Database.Application.csproj", "{EEFC7EC1-1095-4EB1-93A6-8DAD059D1B56}"
EndProject
Global
	GlobalSection(SolutionConfigurationPlatforms) = preSolution
		Debug|Any CPU = Debug|Any CPU
		Debug|x64 = Debug|x64
		Debug|x86 = Debug|x86
		Release|Any CPU = Release|Any CPU
		Release|x64 = Release|x64
		Release|x86 = Release|x86
	EndGlobalSection
	GlobalSection(ProjectConfigurationPlatforms) = postSolution
		{E4740D8D-36CA-4440-BF09-06AEF0DCC0E2}.Debug|Any CPU.ActiveCfg = Debug|Any CPU
		{E4740D8D-36CA-4440-BF09-06AEF0DCC0E2}.Debug|Any CPU.Build.0 = Debug|Any CPU
		{E4740D8D-36CA-4440-BF09-06AEF0DCC0E2}.Debug|x64.ActiveCfg = Debug|Any CPU
		{E4740D8D-36CA-4440-BF09-06AEF0DCC0E2}.Debug|x64.Build.0 = Debug|Any CPU
		{E4740D8D-36CA-4440-BF09-06AEF0DCC0E2}.Debug|x86.ActiveCfg = Debug|Any CPU
		{E4740D8D-36CA-4440-BF09-06AEF0DCC0E2}.Debug|x86.Build.0 = Debug|Any CPU
		{E4740D8D-36CA-4440-BF09-06AEF0DCC0E2}.Release|Any CPU.ActiveCfg = Release|Any CPU
		{E4740D8D-36CA-4440-BF09-06AEF0DCC0E2}.Release|Any CPU.Build.0 = Release|Any CPU
		{E4740D8D-36CA-4440-BF09-06AEF0DCC0E2}.Release|x64.ActiveCfg = Release|Any CPU
		{E4740D8D-36CA-4440-BF09-06AEF0DCC0E2}.Release|x64.Build.0 = Release|Any CPU
		{E4740D8D-36CA-4440-BF09-06AEF0DCC0E2}.Release|x86.ActiveCfg = Release|Any CPU
		{E4740D8D-36CA-4440-BF09-06AEF0DCC0E2}.Release|x86.Build.0 = Release|Any CPU
		{26007B12-885C-4FF4-AC0E-76BCC8A1FEA0}.Debug|Any CPU.ActiveCfg = Debug|Any CPU
		{26007B12-885C-4FF4-AC0E-76BCC8A1FEA0}.Debug|Any CPU.Build.0 = Debug|Any CPU
		{26007B12-885C-4FF4-AC0E-76BCC8A1FEA0}.Debug|x64.ActiveCfg = Debug|Any CPU
		{26007B12-885C-4FF4-AC0E-76BCC8A1FEA0}.Debug|x64.Build.0 = Debug|Any CPU
		{26007B12-885C-4FF4-AC0E-76BCC8A1FEA0}.Debug|x86.ActiveCfg = Debug|Any CPU
		{26007B12-885C-4FF4-AC0E-76BCC8A1FEA0}.Debug|x86.Build.0 = Debug|Any CPU
		{26007B12-885C-4FF4-AC0E-76BCC8A1FEA0}.Release|Any CPU.ActiveCfg = Release|Any CPU
		{26007B12-885C-4FF4-AC0E-76BCC8A1FEA0}.Release|Any CPU.Build.0 = Release|Any CPU
		{26007B12-885C-4FF4-AC0E-76BCC8A1FEA0}.Release|x64.ActiveCfg = Release|Any CPU
		{26007B12-885C-4FF4-AC0E-76BCC8A1FEA0}.Release|x64.Build.0 = Release|Any CPU
		{26007B12-885C-4FF4-AC0E-76BCC8A1FEA0}.Release|x86.ActiveCfg = Release|Any CPU
		{26007B12-885C-4FF4-AC0E-76BCC8A1FEA0}.Release|x86.Build.0 = Release|Any CPU
		{9CB672E6-D4C3-4AC4-ACAB-020269373AB0}.Debug|Any CPU.ActiveCfg = Debug|Any CPU
		{9CB672E6-D4C3-4AC4-ACAB-020269373AB0}.Debug|Any CPU.Build.0 = Debug|Any CPU
		{9CB672E6-D4C3-4AC4-ACAB-020269373AB0}.Debug|x64.ActiveCfg = Debug|Any CPU
		{9CB672E6-D4C3-4AC4-ACAB-020269373AB0}.Debug|x64.Build.0 = Debug|Any CPU
		{9CB672E6-D4C3-4AC4-ACAB-020269373AB0}.Debug|x86.ActiveCfg = Debug|Any CPU
		{9CB672E6-D4C3-4AC4-ACAB-020269373AB0}.Debug|x86.Build.0 = Debug|Any CPU
		{9CB672E6-D4C3-4AC4-ACAB-020269373AB0}.Release|Any CPU.ActiveCfg = Release|Any CPU
		{9CB672E6-D4C3-4AC4-ACAB-020269373AB0}.Release|Any CPU.Build.0 = Release|Any CPU
		{9CB672E6-D4C3-4AC4-ACAB-020269373AB0}.Release|x64.ActiveCfg = Release|Any CPU
		{9CB672E6-D4C3-4AC4-ACAB-020269373AB0}.Release|x64.Build.0 = Release|Any CPU
		{9CB672E6-D4C3-4AC4-ACAB-020269373AB0}.Release|x86.ActiveCfg = Release|Any CPU
		{9CB672E6-D4C3-4AC4-ACAB-020269373AB0}.Release|x86.Build.0 = Release|Any CPU
		{14D7D4A8-DCCD-45C0-8B7E-C97A18E6D598}.Debug|Any CPU.ActiveCfg = Debug|Any CPU
		{14D7D4A8-DCCD-45C0-8B7E-C97A18E6D598}.Debug|Any CPU.Build.0 = Debug|Any CPU
		{14D7D4A8-DCCD-45C0-8B7E-C97A18E6D598}.Debug|x64.ActiveCfg = Debug|Any CPU
		{14D7D4A8-DCCD-45C0-8B7E-C97A18E6D598}.Debug|x64.Build.0 = Debug|Any CPU
		{14D7D4A8-DCCD-45C0-8B7E-C97A18E6D598}.Debug|x86.ActiveCfg = Debug|Any CPU
		{14D7D4A8-DCCD-45C0-8B7E-C97A18E6D598}.Debug|x86.Build.0 = Debug|Any CPU
		{14D7D4A8-DCCD-45C0-8B7E-C97A18E6D598}.Release|Any CPU.ActiveCfg = Release|Any CPU
		{14D7D4A8-DCCD-45C0-8B7E-C97A18E6D598}.Release|Any CPU.Build.0 = Release|Any CPU
		{14D7D4A8-DCCD-45C0-8B7E-C97A18E6D598}.Release|x64.ActiveCfg = Release|Any CPU
		{14D7D4A8-DCCD-45C0-8B7E-C97A18E6D598}.Release|x64.Build.0 = Release|Any CPU
		{14D7D4A8-DCCD-45C0-8B7E-C97A18E6D598}.Release|x86.ActiveCfg = Release|Any CPU
		{14D7D4A8-DCCD-45C0-8B7E-C97A18E6D598}.Release|x86.Build.0 = Release|Any CPU
		{38DAFB62-363E-41D6-83AD-D2B465B032CF}.Debug|Any CPU.ActiveCfg = Debug|Any CPU
		{38DAFB62-363E-41D6-83AD-D2B465B032CF}.Debug|Any CPU.Build.0 = Debug|Any CPU
		{38DAFB62-363E-41D6-83AD-D2B465B032CF}.Debug|x64.ActiveCfg = Debug|Any CPU
		{38DAFB62-363E-41D6-83AD-D2B465B032CF}.Debug|x64.Build.0 = Debug|Any CPU
		{38DAFB62-363E-41D6-83AD-D2B465B032CF}.Debug|x86.ActiveCfg = Debug|Any CPU
		{38DAFB62-363E-41D6-83AD-D2B465B032CF}.Debug|x86.Build.0 = Debug|Any CPU
		{38DAFB62-363E-41D6-83AD-D2B465B032CF}.Release|Any CPU.ActiveCfg = Release|Any CPU
		{38DAFB62-363E-41D6-83AD-D2B465B032CF}.Release|Any CPU.Build.0 = Release|Any CPU
		{38DAFB62-363E-41D6-83AD-D2B465B032CF}.Release|x64.ActiveCfg = Release|Any CPU
		{38DAFB62-363E-41D6-83AD-D2B465B032CF}.Release|x64.Build.0 = Release|Any CPU
		{38DAFB62-363E-41D6-83AD-D2B465B032CF}.Release|x86.ActiveCfg = Release|Any CPU
		{38DAFB62-363E-41D6-83AD-D2B465B032CF}.Release|x86.Build.0 = Release|Any CPU
		{EEFC7EC1-1095-4EB1-93A6-8DAD059D1B56}.Debug|Any CPU.ActiveCfg = Debug|Any CPU
		{EEFC7EC1-1095-4EB1-93A6-8DAD059D1B56}.Debug|Any CPU.Build.0 = Debug|Any CPU
		{EEFC7EC1-1095-4EB1-93A6-8DAD059D1B56}.Debug|x64.ActiveCfg = Debug|Any CPU
		{EEFC7EC1-1095-4EB1-93A6-8DAD059D1B56}.Debug|x64.Build.0 = Debug|Any CPU
		{EEFC7EC1-1095-4EB1-93A6-8DAD059D1B56}.Debug|x86.ActiveCfg = Debug|Any CPU
		{EEFC7EC1-1095-4EB1-93A6-8DAD059D1B56}.Debug|x86.Build.0 = Debug|Any CPU
		{EEFC7EC1-1095-4EB1-93A6-8DAD059D1B56}.Release|Any CPU.ActiveCfg = Release|Any CPU
		{EEFC7EC1-1095-4EB1-93A6-8DAD059D1B56}.Release|Any CPU.Build.0 = Release|Any CPU
		{EEFC7EC1-1095-4EB1-93A6-8DAD059D1B56}.Release|x64.ActiveCfg = Release|Any CPU
		{EEFC7EC1-1095-4EB1-93A6-8DAD059D1B56}.Release|x64.Build.0 = Release|Any CPU
		{EEFC7EC1-1095-4EB1-93A6-8DAD059D1B56}.Release|x86.ActiveCfg = Release|Any CPU
		{EEFC7EC1-1095-4EB1-93A6-8DAD059D1B56}.Release|x86.Build.0 = Release|Any CPU
	EndGlobalSection
	GlobalSection(SolutionProperties) = preSolution
		HideSolutionNode = FALSE
	EndGlobalSection
	GlobalSection(NestedProjects) = preSolution
		{E4740D8D-36CA-4440-BF09-06AEF0DCC0E2} = {827E0CD3-B72D-47B6-A68D-7590B98EB39B}
		{26007B12-885C-4FF4-AC0E-76BCC8A1FEA0} = {827E0CD3-B72D-47B6-A68D-7590B98EB39B}
		{9CB672E6-D4C3-4AC4-ACAB-020269373AB0} = {827E0CD3-B72D-47B6-A68D-7590B98EB39B}
		{14D7D4A8-DCCD-45C0-8B7E-C97A18E6D598} = {827E0CD3-B72D-47B6-A68D-7590B98EB39B}
		{38DAFB62-363E-41D6-83AD-D2B465B032CF} = {827E0CD3-B72D-47B6-A68D-7590B98EB39B}
		{EEFC7EC1-1095-4EB1-93A6-8DAD059D1B56} = {827E0CD3-B72D-47B6-A68D-7590B98EB39B}
	EndGlobalSection
EndGlobal
